
Microsoft Visual Studio Solution File, Format Version 12.00
# Visual Studio 2012
Project("{FAE04EC0-301F-11D3-BF4B-00C04F79EFBC}") = "WebAPIDoodle", "src\apps\WebAPIDoodle\WebAPIDoodle.csproj", "{215FF16A-9FD4-44C9-8727-97AE045F0161}"
EndProject
Project("{2150E333-8FDC-42A3-9474-1A3956D46DE8}") = "tests", "tests", "{D532231C-3698-4B45-A5AD-A4F7E6B73221}"
EndProject
Project("{FAE04EC0-301F-11D3-BF4B-00C04F79EFBC}") = "WebAPIDoodle.Test", "src\tests\WebAPIDoodle.Test\WebAPIDoodle.Test.csproj", "{11DABFEE-B3FD-4AC0-B0A4-145C317AFB03}"
EndProject
Project("{FAE04EC0-301F-11D3-BF4B-00C04F79EFBC}") = "WebAPIDoodle.SignalR", "src\apps\WebAPIDoodle.SignalR\WebAPIDoodle.SignalR.csproj", "{515B7AF3-301D-4886-A7B5-C5599CB09F06}"
EndProject
Project("{2150E333-8FDC-42A3-9474-1A3956D46DE8}") = ".nuget", ".nuget", "{2E6930B0-FB24-4AD2-94CE-C7DF9FC75F23}"
	ProjectSection(SolutionItems) = preProject
		.nuget\NuGet.Config = .nuget\NuGet.Config
		.nuget\nuget.exe = .nuget\nuget.exe
		.nuget\NuGet.targets = .nuget\NuGet.targets
	EndProjectSection
EndProject
Project("{FAE04EC0-301F-11D3-BF4B-00C04F79EFBC}") = "WebAPIDoodle.Formatting", "src\apps\WebAPIDoodle.Formatting\WebAPIDoodle.Formatting.csproj", "{4E9C705E-8964-401E-B2B1-A766B5FF9B32}"
EndProject
Project("{FAE04EC0-301F-11D3-BF4B-00C04F79EFBC}") = "WebAPIDoodle.Http", "src\apps\WebAPIDoodle.Http\WebAPIDoodle.Http.csproj", "{4C07C35B-D14B-4F20-969D-EC6630BC2A99}"
EndProject
Global
	GlobalSection(SolutionConfigurationPlatforms) = preSolution
		Debug|Any CPU = Debug|Any CPU
		Release|Any CPU = Release|Any CPU
	EndGlobalSection
	GlobalSection(ProjectConfigurationPlatforms) = postSolution
		{215FF16A-9FD4-44C9-8727-97AE045F0161}.Debug|Any CPU.ActiveCfg = Debug|Any CPU
		{215FF16A-9FD4-44C9-8727-97AE045F0161}.Debug|Any CPU.Build.0 = Debug|Any CPU
		{215FF16A-9FD4-44C9-8727-97AE045F0161}.Release|Any CPU.ActiveCfg = Release|Any CPU
		{215FF16A-9FD4-44C9-8727-97AE045F0161}.Release|Any CPU.Build.0 = Release|Any CPU
		{11DABFEE-B3FD-4AC0-B0A4-145C317AFB03}.Debug|Any CPU.ActiveCfg = Debug|Any CPU
		{11DABFEE-B3FD-4AC0-B0A4-145C317AFB03}.Debug|Any CPU.Build.0 = Debug|Any CPU
		{11DABFEE-B3FD-4AC0-B0A4-145C317AFB03}.Release|Any CPU.ActiveCfg = Release|Any CPU
		{11DABFEE-B3FD-4AC0-B0A4-145C317AFB03}.Release|Any CPU.Build.0 = Release|Any CPU
		{515B7AF3-301D-4886-A7B5-C5599CB09F06}.Debug|Any CPU.ActiveCfg = Debug|Any CPU
		{515B7AF3-301D-4886-A7B5-C5599CB09F06}.Debug|Any CPU.Build.0 = Debug|Any CPU
		{515B7AF3-301D-4886-A7B5-C5599CB09F06}.Release|Any CPU.ActiveCfg = Release|Any CPU
		{515B7AF3-301D-4886-A7B5-C5599CB09F06}.Release|Any CPU.Build.0 = Release|Any CPU
		{4E9C705E-8964-401E-B2B1-A766B5FF9B32}.Debug|Any CPU.ActiveCfg = Debug|Any CPU
		{4E9C705E-8964-401E-B2B1-A766B5FF9B32}.Debug|Any CPU.Build.0 = Debug|Any CPU
		{4E9C705E-8964-401E-B2B1-A766B5FF9B32}.Release|Any CPU.ActiveCfg = Release|Any CPU
		{4E9C705E-8964-401E-B2B1-A766B5FF9B32}.Release|Any CPU.Build.0 = Release|Any CPU
		{4C07C35B-D14B-4F20-969D-EC6630BC2A99}.Debug|Any CPU.ActiveCfg = Debug|Any CPU
		{4C07C35B-D14B-4F20-969D-EC6630BC2A99}.Debug|Any CPU.Build.0 = Debug|Any CPU
		{4C07C35B-D14B-4F20-969D-EC6630BC2A99}.Release|Any CPU.ActiveCfg = Release|Any CPU
		{4C07C35B-D14B-4F20-969D-EC6630BC2A99}.Release|Any CPU.Build.0 = Release|Any CPU
	EndGlobalSection
	GlobalSection(SolutionProperties) = preSolution
		HideSolutionNode = FALSE
	EndGlobalSection
	GlobalSection(NestedProjects) = preSolution
		{11DABFEE-B3FD-4AC0-B0A4-145C317AFB03} = {D532231C-3698-4B45-A5AD-A4F7E6B73221}
	EndGlobalSection
EndGlobal
